
Microsoft Visual Studio Solution File, Format Version 12.00
# Visual Studio Version 17
VisualStudioVersion = 17.9.34723.18
MinimumVisualStudioVersion = 10.0.40219.1
Project("{FAE04EC0-301F-11D3-BF4B-00C04F79EFBC}") = "wakeUp", "wakeUp.csproj", "{D10DD855-D2BA-4C91-B6FD-A8CEE9DF14F5}"
EndProject
Global
	GlobalSection(SolutionConfigurationPlatforms) = preSolution
		Debug|Any CPU = Debug|Any CPU
		Release|Any CPU = Release|Any CPU
	EndGlobalSection
	GlobalSection(ProjectConfigurationPlatforms) = postSolution
		{D10DD855-D2BA-4C91-B6FD-A8CEE9DF14F5}.Debug|Any CPU.ActiveCfg = Debug|Any CPU
		{D10DD855-D2BA-4C91-B6FD-A8CEE9DF14F5}.Debug|Any CPU.Build.0 = Debug|Any CPU
		{D10DD855-D2BA-4C91-B6FD-A8CEE9DF14F5}.Release|Any CPU.ActiveCfg = Release|Any CPU
		{D10DD855-D2BA-4C91-B6FD-A8CEE9DF14F5}.Release|Any CPU.Build.0 = Release|Any CPU
	EndGlobalSection
	GlobalSection(SolutionProperties) = preSolution
		HideSolutionNode = FALSE
	EndGlobalSection
	GlobalSection(ExtensibilityGlobals) = postSolution
		SolutionGuid = {F22FBE7A-A224-4367-A23F-F77CF0FB7131}
	EndGlobalSection
EndGlobal
